
Microsoft Visual Studio Solution File, Format Version 12.00
# Visual Studio Version 17
VisualStudioVersion = 17.0.31825.309
MinimumVisualStudioVersion = 10.0.40219.1


Project("{FAE04EC0-301F-11D3-BF4B-00C04F79EFBC}") = "RsaDemo", "RsaDemo\RsaDemo.csproj", "{4FBA582C-B273-46C2-944B-F45358CDFFEA}"
EndProject
Global
	GlobalSection(SolutionConfigurationPlatforms) = preSolution
		Debug|Any CPU = Debug|Any CPU
		Release|Any CPU = Release|Any CPU
	EndGlobalSection
	GlobalSection(ProjectConfigurationPlatforms) = postSolution
		{F2E989AF-50FD-48D6-B8A2-889B807C2100}.Debug|Any CPU.ActiveCfg = Debug|Any CPU
		{F2E989AF-50FD-48D6-B8A2-889B807C2100}.Debug|Any CPU.Build.0 = Debug|Any CPU
		{F2E989AF-50FD-48D6-B8A2-889B807C2100}.Release|Any CPU.ActiveCfg = Release|Any CPU
		{F2E989AF-50FD-48D6-B8A2-889B807C2100}.Release|Any CPU.Build.0 = Release|Any CPU
		{2169EA76-9495-480E-82B3-2CAEFC71996C}.Debug|Any CPU.ActiveCfg = Debug|Any CPU
		{2169EA76-9495-480E-82B3-2CAEFC71996C}.Debug|Any CPU.Build.0 = Debug|Any CPU
		{2169EA76-9495-480E-82B3-2CAEFC71996C}.Release|Any CPU.ActiveCfg = Release|Any CPU
		{2169EA76-9495-480E-82B3-2CAEFC71996C}.Release|Any CPU.Build.0 = Release|Any CPU
		{4FBA582C-B273-46C2-944B-F45358CDFFEA}.Debug|Any CPU.ActiveCfg = Debug|Any CPU
		{4FBA582C-B273-46C2-944B-F45358CDFFEA}.Debug|Any CPU.Build.0 = Debug|Any CPU
		{4FBA582C-B273-46C2-944B-F45358CDFFEA}.Release|Any CPU.ActiveCfg = Release|Any CPU
		{4FBA582C-B273-46C2-944B-F45358CDFFEA}.Release|Any CPU.Build.0 = Release|Any CPU
	EndGlobalSection
	GlobalSection(SolutionProperties) = preSolution
		HideSolutionNode = FALSE
	EndGlobalSection
	GlobalSection(ExtensibilityGlobals) = postSolution
		SolutionGuid = {F279E5E2-D604-424A-922C-8F06166B45DC}
	EndGlobalSection
EndGlobal
